{
  "nodes": {
    "nixpkgs": {
      "locked": {
        "lastModified": 1668982349,
        "narHash": "sha256-EzWeDNSAJESRGAE/TCsUn0ylZJNyHkGbhM35K8ZvnVQ=",
        "owner": "nixos",
        "repo": "nixpkgs",
        "rev": "7e81e811ce3dfcb55668c0d65ae4f07ccd602528",
        "type": "github"
      },
      "original": {
        "owner": "nixos",
        "ref": "pull/200470/head",
        "repo": "nixpkgs",
        "type": "github"
      }
    },
    "root": {
      "inputs": {
        "nixpkgs": "nixpkgs"
      }
    }
  },
  "root": "root",
  "version": 7
}
